// !$*UTF8*$!
{
	archiveVersion = 1;
	classes = {
	};
	objectVersion = 46;
	objects = {

/* Begin PBXBuildFile section */
		3A10170A1D5941C8006C5E93 /* openxc-ios-framework.h in Headers */ = {isa = PBXBuildFile; fileRef = 3A1017091D5941C8006C5E93 /* openxc-ios-framework.h */; settings = {ATTRIBUTES = (Public, ); }; };
		3A1017121D5941D8006C5E93 /* VehicleManager.swift in Sources */ = {isa = PBXBuildFile; fileRef = 3A1017111D5941D8006C5E93 /* VehicleManager.swift */; };
		3A1017321D5BA15A006C5E93 /* OpenXCClasses.swift in Sources */ = {isa = PBXBuildFile; fileRef = 3A1017311D5BA15A006C5E93 /* OpenXCClasses.swift */; };
		3A1017341D5BA223006C5E93 /* TargetAction.swift in Sources */ = {isa = PBXBuildFile; fileRef = 3A1017331D5BA223006C5E93 /* TargetAction.swift */; };
		7D1274962003637F0094AB64 /* NetworkData.swift in Sources */ = {isa = PBXBuildFile; fileRef = 7D1274952003637F0094AB64 /* NetworkData.swift */; };
		7D8E87DA20569ADB00B33E0A /* VehicleMessageUnit.swift in Sources */ = {isa = PBXBuildFile; fileRef = 7D8E87D920569ADB00B33E0A /* VehicleMessageUnit.swift */; };
		E73ADBC31F52A3E7002D66E4 /* ProtocolBuffers.framework in Frameworks */ = {isa = PBXBuildFile; fileRef = E77269EB1E30B1DE001267D3 /* ProtocolBuffers.framework */; };
		E7AA8AE81F03A9A00076A288 /* Command.swift in Sources */ = {isa = PBXBuildFile; fileRef = E7AA8AE71F03A9A00076A288 /* Command.swift */; };
		E7AA8AF11F03AA300076A288 /* Measurement.swift in Sources */ = {isa = PBXBuildFile; fileRef = E7AA8AF01F03AA300076A288 /* Measurement.swift */; };
		E7AA8AF31F03AA620076A288 /* Diagnostic.swift in Sources */ = {isa = PBXBuildFile; fileRef = E7AA8AF21F03AA620076A288 /* Diagnostic.swift */; };
		E7AA8AF51F03AA890076A288 /* CAN.swift in Sources */ = {isa = PBXBuildFile; fileRef = E7AA8AF41F03AA890076A288 /* CAN.swift */; };
		E7AA8AF71F03AAA20076A288 /* Message.swift in Sources */ = {isa = PBXBuildFile; fileRef = E7AA8AF61F03AAA20076A288 /* Message.swift */; };
		E7AA8AFB1F03B0790076A288 /* Utilities.swift in Sources */ = {isa = PBXBuildFile; fileRef = E7AA8AFA1F03B0790076A288 /* Utilities.swift */; };
		E7C63D3C1DDC56BB00EE9790 /* openXCiOSFrameworkTests.swift in Sources */ = {isa = PBXBuildFile; fileRef = E7C63D3B1DDC56BB00EE9790 /* openXCiOSFrameworkTests.swift */; };
		E7C63D3E1DDC56BB00EE9790 /* openXCiOSFramework.framework in Frameworks */ = {isa = PBXBuildFile; fileRef = 3A1017061D5941C8006C5E93 /* openXCiOSFramework.framework */; };
		E7FAF9FB1E38D97300A8D5F4 /* Openxc.proto.swift in Sources */ = {isa = PBXBuildFile; fileRef = E7FAF9FA1E38D97300A8D5F4 /* Openxc.proto.swift */; };
		E7FAF9FC1E38D97300A8D5F4 /* Openxc.proto.swift in Sources */ = {isa = PBXBuildFile; fileRef = E7FAF9FA1E38D97300A8D5F4 /* Openxc.proto.swift */; };
/* End PBXBuildFile section */

/* Begin PBXContainerItemProxy section */
		E77269EA1E30B1DE001267D3 /* PBXContainerItemProxy */ = {
			isa = PBXContainerItemProxy;
			containerPortal = E77269E21E30B1DE001267D3 /* ProtocolBuffers.xcodeproj */;
			proxyType = 2;
			remoteGlobalIDString = 3F85569919C71BCF003802F2;
			remoteInfo = ProtocolBuffers;
		};
		E77269EC1E30B1DE001267D3 /* PBXContainerItemProxy */ = {
			isa = PBXContainerItemProxy;
			containerPortal = E77269E21E30B1DE001267D3 /* ProtocolBuffers.xcodeproj */;
			proxyType = 2;
			remoteGlobalIDString = 3F8556A419C71BCF003802F2;
			remoteInfo = UnitTesting;
		};
		E77269EE1E30B1DE001267D3 /* PBXContainerItemProxy */ = {
			isa = PBXContainerItemProxy;
			containerPortal = E77269E21E30B1DE001267D3 /* ProtocolBuffers.xcodeproj */;
			proxyType = 2;
			remoteGlobalIDString = 3F41061C1A1A667700742090;
			remoteInfo = "ProtocolBuffers(OSX)";
		};
		E77269F01E30B1DE001267D3 /* PBXContainerItemProxy */ = {
			isa = PBXContainerItemProxy;
			containerPortal = E77269E21E30B1DE001267D3 /* ProtocolBuffers.xcodeproj */;
			proxyType = 2;
			remoteGlobalIDString = 3F4106261A1A667800742090;
			remoteInfo = "UnitTesting(OSX)";
		};
		E77269F21E30B1DE001267D3 /* PBXContainerItemProxy */ = {
			isa = PBXContainerItemProxy;
			containerPortal = E77269E21E30B1DE001267D3 /* ProtocolBuffers.xcodeproj */;
			proxyType = 2;
			remoteGlobalIDString = 3F31A1A91BA199C000F477C1;
			remoteInfo = "ProtocolBuffers(watchOS)";
		};
		E78AE71A1E79479D00D9B597 /* PBXContainerItemProxy */ = {
			isa = PBXContainerItemProxy;
			containerPortal = E77269E21E30B1DE001267D3 /* ProtocolBuffers.xcodeproj */;
			proxyType = 2;
			remoteGlobalIDString = 3FA7DAC71BE68F600067108E;
			remoteInfo = "ProtocolBuffers(tvOS)";
		};
		E78AE71C1E79479D00D9B597 /* PBXContainerItemProxy */ = {
			isa = PBXContainerItemProxy;
			containerPortal = E77269E21E30B1DE001267D3 /* ProtocolBuffers.xcodeproj */;
			proxyType = 2;
			remoteGlobalIDString = 3FA7DAD01BE68F600067108E;
			remoteInfo = "UnitTesting(tvOS)";
		};
		E7C63D3F1DDC56BB00EE9790 /* PBXContainerItemProxy */ = {
			isa = PBXContainerItemProxy;
			containerPortal = 3A1016FD1D5941C7006C5E93 /* Project object */;
			proxyType = 1;
			remoteGlobalIDString = 3A1017051D5941C8006C5E93;
			remoteInfo = "openxc-ios-framework";
		};
/* End PBXContainerItemProxy section */

/* Begin PBXFileReference section */
		3A1017061D5941C8006C5E93 /* openXCiOSFramework.framework */ = {isa = PBXFileReference; explicitFileType = wrapper.framework; includeInIndex = 0; path = openXCiOSFramework.framework; sourceTree = BUILT_PRODUCTS_DIR; };
		3A1017091D5941C8006C5E93 /* openxc-ios-framework.h */ = {isa = PBXFileReference; lastKnownFileType = sourcecode.c.h; path = "openxc-ios-framework.h"; sourceTree = "<group>"; };
		3A10170B1D5941C8006C5E93 /* Info.plist */ = {isa = PBXFileReference; lastKnownFileType = text.plist.xml; path = Info.plist; sourceTree = "<group>"; };
		3A1017111D5941D8006C5E93 /* VehicleManager.swift */ = {isa = PBXFileReference; fileEncoding = 4; lastKnownFileType = sourcecode.swift; path = VehicleManager.swift; sourceTree = "<group>"; };
		3A1017311D5BA15A006C5E93 /* OpenXCClasses.swift */ = {isa = PBXFileReference; fileEncoding = 4; lastKnownFileType = sourcecode.swift; path = OpenXCClasses.swift; sourceTree = "<group>"; };
		3A1017331D5BA223006C5E93 /* TargetAction.swift */ = {isa = PBXFileReference; fileEncoding = 4; lastKnownFileType = sourcecode.swift; path = TargetAction.swift; sourceTree = "<group>"; };
		7D1274952003637F0094AB64 /* NetworkData.swift */ = {isa = PBXFileReference; lastKnownFileType = sourcecode.swift; path = NetworkData.swift; sourceTree = "<group>"; };
		7D8E87D920569ADB00B33E0A /* VehicleMessageUnit.swift */ = {isa = PBXFileReference; lastKnownFileType = sourcecode.swift; path = VehicleMessageUnit.swift; sourceTree = "<group>"; };
		E77269E21E30B1DE001267D3 /* ProtocolBuffers.xcodeproj */ = {isa = PBXFileReference; lastKnownFileType = "wrapper.pb-project"; name = ProtocolBuffers.xcodeproj; path = "protobuf-swift/plugin/ProtocolBuffers/ProtocolBuffers.xcodeproj"; sourceTree = "<group>"; };
		E7AA8AE71F03A9A00076A288 /* Command.swift */ = {isa = PBXFileReference; fileEncoding = 4; lastKnownFileType = sourcecode.swift; path = Command.swift; sourceTree = "<group>"; };
		E7AA8AF01F03AA300076A288 /* Measurement.swift */ = {isa = PBXFileReference; fileEncoding = 4; lastKnownFileType = sourcecode.swift; path = Measurement.swift; sourceTree = "<group>"; };
		E7AA8AF21F03AA620076A288 /* Diagnostic.swift */ = {isa = PBXFileReference; fileEncoding = 4; lastKnownFileType = sourcecode.swift; path = Diagnostic.swift; sourceTree = "<group>"; };
		E7AA8AF41F03AA890076A288 /* CAN.swift */ = {isa = PBXFileReference; fileEncoding = 4; lastKnownFileType = sourcecode.swift; path = CAN.swift; sourceTree = "<group>"; };
		E7AA8AF61F03AAA20076A288 /* Message.swift */ = {isa = PBXFileReference; fileEncoding = 4; lastKnownFileType = sourcecode.swift; path = Message.swift; sourceTree = "<group>"; };
		E7AA8AFA1F03B0790076A288 /* Utilities.swift */ = {isa = PBXFileReference; fileEncoding = 4; lastKnownFileType = sourcecode.swift; path = Utilities.swift; sourceTree = "<group>"; };
		E7C63D391DDC56BB00EE9790 /* openXCiOSFrameworkTests.xctest */ = {isa = PBXFileReference; explicitFileType = wrapper.cfbundle; includeInIndex = 0; path = openXCiOSFrameworkTests.xctest; sourceTree = BUILT_PRODUCTS_DIR; };
		E7C63D3B1DDC56BB00EE9790 /* openXCiOSFrameworkTests.swift */ = {isa = PBXFileReference; lastKnownFileType = sourcecode.swift; path = openXCiOSFrameworkTests.swift; sourceTree = "<group>"; };
		E7C63D3D1DDC56BB00EE9790 /* Info.plist */ = {isa = PBXFileReference; lastKnownFileType = text.plist.xml; path = Info.plist; sourceTree = "<group>"; };
		E7FAF9FA1E38D97300A8D5F4 /* Openxc.proto.swift */ = {isa = PBXFileReference; fileEncoding = 4; lastKnownFileType = sourcecode.swift; path = Openxc.proto.swift; sourceTree = "<group>"; };
/* End PBXFileReference section */

/* Begin PBXFrameworksBuildPhase section */
		3A1017021D5941C8006C5E93 /* Frameworks */ = {
			isa = PBXFrameworksBuildPhase;
			buildActionMask = 2147483647;
			files = (
				E73ADBC31F52A3E7002D66E4 /* ProtocolBuffers.framework in Frameworks */,
			);
			runOnlyForDeploymentPostprocessing = 0;
		};
		E7C63D361DDC56BB00EE9790 /* Frameworks */ = {
			isa = PBXFrameworksBuildPhase;
			buildActionMask = 2147483647;
			files = (
				E7C63D3E1DDC56BB00EE9790 /* openXCiOSFramework.framework in Frameworks */,
			);
			runOnlyForDeploymentPostprocessing = 0;
		};
/* End PBXFrameworksBuildPhase section */

/* Begin PBXGroup section */
		3A1016FC1D5941C7006C5E93 = {
			isa = PBXGroup;
			children = (
				E77269E21E30B1DE001267D3 /* ProtocolBuffers.xcodeproj */,
				3A1017081D5941C8006C5E93 /* openxc-ios-framework */,
				E7C63D3A1DDC56BB00EE9790 /* openXCiOSFrameworkTests */,
				3A1017071D5941C8006C5E93 /* Products */,
				E77269CF1E30B1BF001267D3 /* Frameworks */,
			);
			sourceTree = "<group>";
		};
		3A1017071D5941C8006C5E93 /* Products */ = {
			isa = PBXGroup;
			children = (
				3A1017061D5941C8006C5E93 /* openXCiOSFramework.framework */,
				E7C63D391DDC56BB00EE9790 /* openXCiOSFrameworkTests.xctest */,
			);
			name = Products;
			sourceTree = "<group>";
		};
		3A1017081D5941C8006C5E93 /* openxc-ios-framework */ = {
			isa = PBXGroup;
			children = (
				3A1017091D5941C8006C5E93 /* openxc-ios-framework.h */,
				3A1017311D5BA15A006C5E93 /* OpenXCClasses.swift */,
				3A1017111D5941D8006C5E93 /* VehicleManager.swift */,
				3A10170B1D5941C8006C5E93 /* Info.plist */,
				3A1017331D5BA223006C5E93 /* TargetAction.swift */,
				E7FAF9FA1E38D97300A8D5F4 /* Openxc.proto.swift */,
				E7AA8AE71F03A9A00076A288 /* Command.swift */,
				E7AA8AF01F03AA300076A288 /* Measurement.swift */,
				E7AA8AF21F03AA620076A288 /* Diagnostic.swift */,
				E7AA8AF41F03AA890076A288 /* CAN.swift */,
				E7AA8AF61F03AAA20076A288 /* Message.swift */,
				E7AA8AFA1F03B0790076A288 /* Utilities.swift */,
				7D1274952003637F0094AB64 /* NetworkData.swift */,
				7D8E87D920569ADB00B33E0A /* VehicleMessageUnit.swift */,
			);
			path = "openxc-ios-framework";
			sourceTree = "<group>";
		};
		E77269CF1E30B1BF001267D3 /* Frameworks */ = {
			isa = PBXGroup;
			children = (
			);
			name = Frameworks;
			sourceTree = "<group>";
		};
		E77269E31E30B1DE001267D3 /* Products */ = {
			isa = PBXGroup;
			children = (
				E77269EB1E30B1DE001267D3 /* ProtocolBuffers.framework */,
				E78AE71B1E79479D00D9B597 /* ProtocolBuffers.framework */,
				E77269EF1E30B1DE001267D3 /* ProtocolBuffers.framework */,
				E77269F31E30B1DE001267D3 /* ProtocolBuffers.framework */,
				E77269F11E30B1DE001267D3 /* UnitTesting(OSX).xctest */,
				E78AE71D1E79479D00D9B597 /* UnitTesting(tvOS).xctest */,
				E77269ED1E30B1DE001267D3 /* UnitTesting.xctest */,
			);
			name = Products;
			sourceTree = "<group>";
		};
		E7C63D3A1DDC56BB00EE9790 /* openXCiOSFrameworkTests */ = {
			isa = PBXGroup;
			children = (
				E7C63D3B1DDC56BB00EE9790 /* openXCiOSFrameworkTests.swift */,
				E7C63D3D1DDC56BB00EE9790 /* Info.plist */,
			);
			path = openXCiOSFrameworkTests;
			sourceTree = "<group>";
		};
/* End PBXGroup section */

/* Begin PBXHeadersBuildPhase section */
		3A1017031D5941C8006C5E93 /* Headers */ = {
			isa = PBXHeadersBuildPhase;
			buildActionMask = 2147483647;
			files = (
				3A10170A1D5941C8006C5E93 /* openxc-ios-framework.h in Headers */,
			);
			runOnlyForDeploymentPostprocessing = 0;
		};
/* End PBXHeadersBuildPhase section */

/* Begin PBXNativeTarget section */
		3A1017051D5941C8006C5E93 /* openxc-ios-framework */ = {
			isa = PBXNativeTarget;
			buildConfigurationList = 3A10170E1D5941C8006C5E93 /* Build configuration list for PBXNativeTarget "openxc-ios-framework" */;
			buildPhases = (
				3A1017011D5941C8006C5E93 /* Sources */,
				3A1017021D5941C8006C5E93 /* Frameworks */,
				3A1017031D5941C8006C5E93 /* Headers */,
				3A1017041D5941C8006C5E93 /* Resources */,
			);
			buildRules = (
			);
			dependencies = (
			);
			name = "openxc-ios-framework";
			productName = "openxc-ios-framework";
			productReference = 3A1017061D5941C8006C5E93 /* openXCiOSFramework.framework */;
			productType = "com.apple.product-type.framework";
		};
		E7C63D381DDC56BB00EE9790 /* openXCiOSFrameworkTests */ = {
			isa = PBXNativeTarget;
			buildConfigurationList = E7C63D481DDC56BB00EE9790 /* Build configuration list for PBXNativeTarget "openXCiOSFrameworkTests" */;
			buildPhases = (
				E7C63D351DDC56BB00EE9790 /* Sources */,
				E7C63D361DDC56BB00EE9790 /* Frameworks */,
				E7C63D371DDC56BB00EE9790 /* Resources */,
			);
			buildRules = (
			);
			dependencies = (
				E7C63D401DDC56BB00EE9790 /* PBXTargetDependency */,
			);
			name = openXCiOSFrameworkTests;
			productName = openXCiOSFrameworkTests;
			productReference = E7C63D391DDC56BB00EE9790 /* openXCiOSFrameworkTests.xctest */;
			productType = "com.apple.product-type.bundle.unit-test";
		};
/* End PBXNativeTarget section */

/* Begin PBXProject section */
		3A1016FD1D5941C7006C5E93 /* Project object */ = {
			isa = PBXProject;
			attributes = {
				LastSwiftUpdateCheck = 0730;
				LastUpgradeCheck = 0900;
				ORGANIZATIONNAME = "Ford Motor Company";
				TargetAttributes = {
					3A1017051D5941C8006C5E93 = {
						CreatedOnToolsVersion = 7.3.1;
						LastSwiftMigration = 0820;
					};
					E7C63D381DDC56BB00EE9790 = {
						CreatedOnToolsVersion = 7.3.1;
						LastSwiftMigration = 0820;
					};
				};
			};
			buildConfigurationList = 3A1017001D5941C7006C5E93 /* Build configuration list for PBXProject "openxc-ios-framework" */;
			compatibilityVersion = "Xcode 3.2";
			developmentRegion = English;
			hasScannedForEncodings = 0;
			knownRegions = (
				en,
			);
			mainGroup = 3A1016FC1D5941C7006C5E93;
			productRefGroup = 3A1017071D5941C8006C5E93 /* Products */;
			projectDirPath = "";
			projectReferences = (
				{
					ProductGroup = E77269E31E30B1DE001267D3 /* Products */;
					ProjectRef = E77269E21E30B1DE001267D3 /* ProtocolBuffers.xcodeproj */;
				},
			);
			projectRoot = "";
			targets = (
				3A1017051D5941C8006C5E93 /* openxc-ios-framework */,
				E7C63D381DDC56BB00EE9790 /* openXCiOSFrameworkTests */,
			);
		};
/* End PBXProject section */

/* Begin PBXReferenceProxy section */
		E77269EB1E30B1DE001267D3 /* ProtocolBuffers.framework */ = {
			isa = PBXReferenceProxy;
			fileType = wrapper.framework;
			path = ProtocolBuffers.framework;
			remoteRef = E77269EA1E30B1DE001267D3 /* PBXContainerItemProxy */;
			sourceTree = BUILT_PRODUCTS_DIR;
		};
		E77269ED1E30B1DE001267D3 /* UnitTesting.xctest */ = {
			isa = PBXReferenceProxy;
			fileType = wrapper.cfbundle;
			path = UnitTesting.xctest;
			remoteRef = E77269EC1E30B1DE001267D3 /* PBXContainerItemProxy */;
			sourceTree = BUILT_PRODUCTS_DIR;
		};
		E77269EF1E30B1DE001267D3 /* ProtocolBuffers.framework */ = {
			isa = PBXReferenceProxy;
			fileType = wrapper.framework;
			path = ProtocolBuffers.framework;
			remoteRef = E77269EE1E30B1DE001267D3 /* PBXContainerItemProxy */;
			sourceTree = BUILT_PRODUCTS_DIR;
		};
		E77269F11E30B1DE001267D3 /* UnitTesting(OSX).xctest */ = {
			isa = PBXReferenceProxy;
			fileType = wrapper.cfbundle;
			path = "UnitTesting(OSX).xctest";
			remoteRef = E77269F01E30B1DE001267D3 /* PBXContainerItemProxy */;
			sourceTree = BUILT_PRODUCTS_DIR;
		};
		E77269F31E30B1DE001267D3 /* ProtocolBuffers.framework */ = {
			isa = PBXReferenceProxy;
			fileType = wrapper.framework;
			path = ProtocolBuffers.framework;
			remoteRef = E77269F21E30B1DE001267D3 /* PBXContainerItemProxy */;
			sourceTree = BUILT_PRODUCTS_DIR;
		};
		E78AE71B1E79479D00D9B597 /* ProtocolBuffers.framework */ = {
			isa = PBXReferenceProxy;
			fileType = wrapper.framework;
			path = ProtocolBuffers.framework;
			remoteRef = E78AE71A1E79479D00D9B597 /* PBXContainerItemProxy */;
			sourceTree = BUILT_PRODUCTS_DIR;
		};
		E78AE71D1E79479D00D9B597 /* UnitTesting(tvOS).xctest */ = {
			isa = PBXReferenceProxy;
			fileType = wrapper.cfbundle;
			path = "UnitTesting(tvOS).xctest";
			remoteRef = E78AE71C1E79479D00D9B597 /* PBXContainerItemProxy */;
			sourceTree = BUILT_PRODUCTS_DIR;
		};
/* End PBXReferenceProxy section */

/* Begin PBXResourcesBuildPhase section */
		3A1017041D5941C8006C5E93 /* Resources */ = {
			isa = PBXResourcesBuildPhase;
			buildActionMask = 2147483647;
			files = (
			);
			runOnlyForDeploymentPostprocessing = 0;
		};
		E7C63D371DDC56BB00EE9790 /* Resources */ = {
			isa = PBXResourcesBuildPhase;
			buildActionMask = 2147483647;
			files = (
			);
			runOnlyForDeploymentPostprocessing = 0;
		};
/* End PBXResourcesBuildPhase section */

/* Begin PBXSourcesBuildPhase section */
		3A1017011D5941C8006C5E93 /* Sources */ = {
			isa = PBXSourcesBuildPhase;
			buildActionMask = 2147483647;
			files = (
				7D8E87DA20569ADB00B33E0A /* VehicleMessageUnit.swift in Sources */,
				E7FAF9FB1E38D97300A8D5F4 /* Openxc.proto.swift in Sources */,
				3A1017121D5941D8006C5E93 /* VehicleManager.swift in Sources */,
				E7AA8AF31F03AA620076A288 /* Diagnostic.swift in Sources */,
				E7AA8AF71F03AAA20076A288 /* Message.swift in Sources */,
				E7AA8AF11F03AA300076A288 /* Measurement.swift in Sources */,
				7D1274962003637F0094AB64 /* NetworkData.swift in Sources */,
				3A1017341D5BA223006C5E93 /* TargetAction.swift in Sources */,
				E7AA8AE81F03A9A00076A288 /* Command.swift in Sources */,
				E7AA8AF51F03AA890076A288 /* CAN.swift in Sources */,
				E7AA8AFB1F03B0790076A288 /* Utilities.swift in Sources */,
				3A1017321D5BA15A006C5E93 /* OpenXCClasses.swift in Sources */,
			);
			runOnlyForDeploymentPostprocessing = 0;
		};
		E7C63D351DDC56BB00EE9790 /* Sources */ = {
			isa = PBXSourcesBuildPhase;
			buildActionMask = 2147483647;
			files = (
				E7FAF9FC1E38D97300A8D5F4 /* Openxc.proto.swift in Sources */,
				E7C63D3C1DDC56BB00EE9790 /* openXCiOSFrameworkTests.swift in Sources */,
			);
			runOnlyForDeploymentPostprocessing = 0;
		};
/* End PBXSourcesBuildPhase section */

/* Begin PBXTargetDependency section */
		E7C63D401DDC56BB00EE9790 /* PBXTargetDependency */ = {
			isa = PBXTargetDependency;
			target = 3A1017051D5941C8006C5E93 /* openxc-ios-framework */;
			targetProxy = E7C63D3F1DDC56BB00EE9790 /* PBXContainerItemProxy */;
		};
/* End PBXTargetDependency section */

/* Begin XCBuildConfiguration section */
		3A10170C1D5941C8006C5E93 /* Debug */ = {
			isa = XCBuildConfiguration;
			buildSettings = {
				ALWAYS_SEARCH_USER_PATHS = NO;
				CLANG_ANALYZER_NONNULL = YES;
				CLANG_CXX_LANGUAGE_STANDARD = "gnu++0x";
				CLANG_CXX_LIBRARY = "libc++";
				CLANG_ENABLE_MODULES = YES;
				CLANG_ENABLE_OBJC_ARC = YES;
				CLANG_WARN_BLOCK_CAPTURE_AUTORELEASING = YES;
				CLANG_WARN_BOOL_CONVERSION = YES;
				CLANG_WARN_COMMA = YES;
				CLANG_WARN_CONSTANT_CONVERSION = YES;
				CLANG_WARN_DIRECT_OBJC_ISA_USAGE = YES_ERROR;
				CLANG_WARN_EMPTY_BODY = YES;
				CLANG_WARN_ENUM_CONVERSION = YES;
				CLANG_WARN_INFINITE_RECURSION = YES;
				CLANG_WARN_INT_CONVERSION = YES;
				CLANG_WARN_NON_LITERAL_NULL_CONVERSION = YES;
				CLANG_WARN_OBJC_LITERAL_CONVERSION = YES;
				CLANG_WARN_OBJC_ROOT_CLASS = YES_ERROR;
				CLANG_WARN_RANGE_LOOP_ANALYSIS = YES;
				CLANG_WARN_STRICT_PROTOTYPES = YES;
				CLANG_WARN_SUSPICIOUS_MOVE = YES;
				CLANG_WARN_UNREACHABLE_CODE = YES;
				CLANG_WARN__DUPLICATE_METHOD_MATCH = YES;
				"CODE_SIGN_IDENTITY[sdk=iphoneos*]" = "iPhone Developer";
				COPY_PHASE_STRIP = NO;
				CURRENT_PROJECT_VERSION = 1;
				DEBUG_INFORMATION_FORMAT = dwarf;
				DEFINES_MODULE = YES;
				ENABLE_STRICT_OBJC_MSGSEND = YES;
				ENABLE_TESTABILITY = YES;
				GCC_C_LANGUAGE_STANDARD = gnu99;
				GCC_DYNAMIC_NO_PIC = NO;
				GCC_NO_COMMON_BLOCKS = YES;
				GCC_OPTIMIZATION_LEVEL = 0;
				GCC_PREPROCESSOR_DEFINITIONS = (
					"DEBUG=1",
					"$(inherited)",
				);
				GCC_WARN_64_TO_32_BIT_CONVERSION = YES;
				GCC_WARN_ABOUT_RETURN_TYPE = YES_ERROR;
				GCC_WARN_UNDECLARED_SELECTOR = YES;
				GCC_WARN_UNINITIALIZED_AUTOS = YES_AGGRESSIVE;
				GCC_WARN_UNUSED_FUNCTION = YES;
				GCC_WARN_UNUSED_VARIABLE = YES;
				IPHONEOS_DEPLOYMENT_TARGET = 9.3;
				MTL_ENABLE_DEBUG_INFO = YES;
				ONLY_ACTIVE_ARCH = YES;
				SDKROOT = iphoneos;
				SWIFT_OPTIMIZATION_LEVEL = "-Onone";
				TARGETED_DEVICE_FAMILY = "1,2";
				VERSIONING_SYSTEM = "apple-generic";
				VERSION_INFO_PREFIX = "";
			};
			name = Debug;
		};
		3A10170D1D5941C8006C5E93 /* Release */ = {
			isa = XCBuildConfiguration;
			buildSettings = {
				ALWAYS_SEARCH_USER_PATHS = NO;
				CLANG_ANALYZER_NONNULL = YES;
				CLANG_CXX_LANGUAGE_STANDARD = "gnu++0x";
				CLANG_CXX_LIBRARY = "libc++";
				CLANG_ENABLE_MODULES = YES;
				CLANG_ENABLE_OBJC_ARC = YES;
				CLANG_WARN_BLOCK_CAPTURE_AUTORELEASING = YES;
				CLANG_WARN_BOOL_CONVERSION = YES;
				CLANG_WARN_COMMA = YES;
				CLANG_WARN_CONSTANT_CONVERSION = YES;
				CLANG_WARN_DIRECT_OBJC_ISA_USAGE = YES_ERROR;
				CLANG_WARN_EMPTY_BODY = YES;
				CLANG_WARN_ENUM_CONVERSION = YES;
				CLANG_WARN_INFINITE_RECURSION = YES;
				CLANG_WARN_INT_CONVERSION = YES;
				CLANG_WARN_NON_LITERAL_NULL_CONVERSION = YES;
				CLANG_WARN_OBJC_LITERAL_CONVERSION = YES;
				CLANG_WARN_OBJC_ROOT_CLASS = YES_ERROR;
				CLANG_WARN_RANGE_LOOP_ANALYSIS = YES;
				CLANG_WARN_STRICT_PROTOTYPES = YES;
				CLANG_WARN_SUSPICIOUS_MOVE = YES;
				CLANG_WARN_UNREACHABLE_CODE = YES;
				CLANG_WARN__DUPLICATE_METHOD_MATCH = YES;
				"CODE_SIGN_IDENTITY[sdk=iphoneos*]" = "iPhone Developer";
				COPY_PHASE_STRIP = NO;
				CURRENT_PROJECT_VERSION = 1;
				DEBUG_INFORMATION_FORMAT = "dwarf-with-dsym";
				DEFINES_MODULE = YES;
				ENABLE_NS_ASSERTIONS = NO;
				ENABLE_STRICT_OBJC_MSGSEND = YES;
				GCC_C_LANGUAGE_STANDARD = gnu99;
				GCC_NO_COMMON_BLOCKS = YES;
				GCC_WARN_64_TO_32_BIT_CONVERSION = YES;
				GCC_WARN_ABOUT_RETURN_TYPE = YES_ERROR;
				GCC_WARN_UNDECLARED_SELECTOR = YES;
				GCC_WARN_UNINITIALIZED_AUTOS = YES_AGGRESSIVE;
				GCC_WARN_UNUSED_FUNCTION = YES;
				GCC_WARN_UNUSED_VARIABLE = YES;
				IPHONEOS_DEPLOYMENT_TARGET = 9.3;
				MTL_ENABLE_DEBUG_INFO = NO;
				SDKROOT = iphoneos;
				SWIFT_OPTIMIZATION_LEVEL = "-Owholemodule";
				TARGETED_DEVICE_FAMILY = "1,2";
				VALIDATE_PRODUCT = YES;
				VERSIONING_SYSTEM = "apple-generic";
				VERSION_INFO_PREFIX = "";
			};
			name = Release;
		};
		3A10170F1D5941C8006C5E93 /* Debug */ = {
			isa = XCBuildConfiguration;
			buildSettings = {
				CLANG_ENABLE_MODULES = YES;
				"CODE_SIGN_IDENTITY[sdk=iphoneos*]" = "";
				DEFINES_MODULE = YES;
				DYLIB_COMPATIBILITY_VERSION = 1;
				DYLIB_CURRENT_VERSION = 1;
				DYLIB_INSTALL_NAME_BASE = "@rpath";
				FRAMEWORK_SEARCH_PATHS = (
					"$(inherited)",
					"$(PROJECT_DIR)",
				);
				INFOPLIST_FILE = "openxc-ios-framework/Info.plist";
				INSTALL_PATH = "$(LOCAL_LIBRARY_DIR)/Frameworks";
				IPHONEOS_DEPLOYMENT_TARGET = 8.0;
				LD_RUNPATH_SEARCH_PATHS = "$(inherited) @executable_path/Frameworks @loader_path/Frameworks";
				OTHER_SWIFT_FLAGS = "-Xfrontend -debug-time-function-bodies";
				PRODUCT_BUNDLE_IDENTIFIER = "net.ford.openxc-ios-framework";
				PRODUCT_NAME = openXCiOSFramework;
				SKIP_INSTALL = YES;
				SWIFT_OPTIMIZATION_LEVEL = "-Onone";
				SWIFT_VERSION = 3.0;
				TARGETED_DEVICE_FAMILY = 1;
			};
			name = Debug;
		};
		3A1017101D5941C8006C5E93 /* Release */ = {
			isa = XCBuildConfiguration;
			buildSettings = {
				CLANG_ENABLE_MODULES = YES;
				"CODE_SIGN_IDENTITY[sdk=iphoneos*]" = "";
				DEFINES_MODULE = YES;
				DYLIB_COMPATIBILITY_VERSION = 1;
				DYLIB_CURRENT_VERSION = 1;
				DYLIB_INSTALL_NAME_BASE = "@rpath";
				FRAMEWORK_SEARCH_PATHS = (
					"$(inherited)",
					"$(PROJECT_DIR)",
				);
				INFOPLIST_FILE = "openxc-ios-framework/Info.plist";
				INSTALL_PATH = "$(LOCAL_LIBRARY_DIR)/Frameworks";
				IPHONEOS_DEPLOYMENT_TARGET = 8.0;
				LD_RUNPATH_SEARCH_PATHS = "$(inherited) @executable_path/Frameworks @loader_path/Frameworks";
				OTHER_SWIFT_FLAGS = "-Xfrontend -debug-time-function-bodies";
				PRODUCT_BUNDLE_IDENTIFIER = "net.ford.openxc-ios-framework";
				PRODUCT_NAME = openXCiOSFramework;
				SKIP_INSTALL = YES;
				SWIFT_VERSION = 3.0;
				TARGETED_DEVICE_FAMILY = 1;
			};
			name = Release;
		};
		E7C63D411DDC56BB00EE9790 /* Debug */ = {
			isa = XCBuildConfiguration;
			buildSettings = {
				INFOPLIST_FILE = openXCiOSFrameworkTests/Info.plist;
				LD_RUNPATH_SEARCH_PATHS = "$(inherited) @executable_path/Frameworks @loader_path/Frameworks";
				PRODUCT_BUNDLE_IDENTIFIER = com.ford.openXCiOSFrameworkTests;
				PRODUCT_NAME = "$(TARGET_NAME)";
				SWIFT_VERSION = 3.0;
				TEST_HOST = "$(BUNDLE_LOADER)";
			};
			name = Debug;
		};
		E7C63D421DDC56BB00EE9790 /* Release */ = {
			isa = XCBuildConfiguration;
			buildSettings = {
				INFOPLIST_FILE = openXCiOSFrameworkTests/Info.plist;
				LD_RUNPATH_SEARCH_PATHS = "$(inherited) @executable_path/Frameworks @loader_path/Frameworks";
				PRODUCT_BUNDLE_IDENTIFIER = com.ford.openXCiOSFrameworkTests;
				PRODUCT_NAME = "$(TARGET_NAME)";
				SWIFT_VERSION = 3.0;
				TEST_HOST = "$(BUNDLE_LOADER)";
			};
			name = Release;
		};
/* End XCBuildConfiguration section */

/* Begin XCConfigurationList section */
		3A1017001D5941C7006C5E93 /* Build configuration list for PBXProject "openxc-ios-framework" */ = {
			isa = XCConfigurationList;
			buildConfigurations = (
				3A10170C1D5941C8006C5E93 /* Debug */,
				3A10170D1D5941C8006C5E93 /* Release */,
			);
			defaultConfigurationIsVisible = 0;
			defaultConfigurationName = Release;
		};
		3A10170E1D5941C8006C5E93 /* Build configuration list for PBXNativeTarget "openxc-ios-framework" */ = {
			isa = XCConfigurationList;
			buildConfigurations = (
				3A10170F1D5941C8006C5E93 /* Debug */,
				3A1017101D5941C8006C5E93 /* Release */,
			);
			defaultConfigurationIsVisible = 0;
			defaultConfigurationName = Release;
		};
		E7C63D481DDC56BB00EE9790 /* Build configuration list for PBXNativeTarget "openXCiOSFrameworkTests" */ = {
			isa = XCConfigurationList;
			buildConfigurations = (
				E7C63D411DDC56BB00EE9790 /* Debug */,
				E7C63D421DDC56BB00EE9790 /* Release */,
			);
			defaultConfigurationIsVisible = 0;
			defaultConfigurationName = Release;
		};
/* End XCConfigurationList section */
	};
	rootObject = 3A1016FD1D5941C7006C5E93 /* Project object */;
}
